
Microsoft Visual Studio Solution File, Format Version 12.00
# Visual Studio Version 17
VisualStudioVersion = 17.0.32126.317
MinimumVisualStudioVersion = 10.0.40219.1
Project("{FAE04EC0-301F-11D3-BF4B-00C04F79EFBC}") = "CO.WebApi", "CO.WebApi\CO.WebApi.csproj", "{D4D1AEF2-DADE-4E1B-BB8A-98B0291A81E7}"
EndProject
Project("{2150E333-8FDC-42A3-9474-1A3956D46DE8}") = "01.CO.WeApi", "01.CO.WeApi", "{B0C8ED78-20D4-4D33-B77D-A5597FF913B2}"
EndProject
Project("{2150E333-8FDC-42A3-9474-1A3956D46DE8}") = "02.CO.Manager", "02.CO.Manager", "{E20ED8E0-6102-4DFC-A7B1-FF6D9662CDD0}"
EndProject
Project("{2150E333-8FDC-42A3-9474-1A3956D46DE8}") = "03.CO.Data", "03.CO.Data", "{0A0B887F-5420-44E8-8FB3-C7C8902A4329}"
EndProject
Project("{2150E333-8FDC-42A3-9474-1A3956D46DE8}") = "04.CO.Core", "04.CO.Core", "{3B20D655-22C6-4534-8CFF-4250A6AC1032}"
EndProject
Project("{2150E333-8FDC-42A3-9474-1A3956D46DE8}") = "05.CO.Tests", "05.CO.Tests", "{BA4B7889-4E78-4156-9010-4F8C0608EA3A}"
EndProject
Project("{FAE04EC0-301F-11D3-BF4B-00C04F79EFBC}") = "CO.Manager", "CO.Manager\CO.Manager.csproj", "{1FC4F3D6-B587-4D88-BD28-054AC42FAB96}"
EndProject
Project("{FAE04EC0-301F-11D3-BF4B-00C04F79EFBC}") = "CO.Data", "CO.Data\CO.Data.csproj", "{52A808AF-971A-4217-8693-F854BA228D05}"
EndProject
Project("{FAE04EC0-301F-11D3-BF4B-00C04F79EFBC}") = "CO.Core", "CO.Core\CO.Core.csproj", "{E0F97190-78A1-4686-8CBD-BD26937E502A}"
EndProject
Project("{FAE04EC0-301F-11D3-BF4B-00C04F79EFBC}") = "CO.Tests", "CO.Tests\CO.Tests.csproj", "{081F0163-755B-4E15-B94D-470AB3C298EA}"
EndProject
Global
	GlobalSection(SolutionConfigurationPlatforms) = preSolution
		Debug|Any CPU = Debug|Any CPU
		Release|Any CPU = Release|Any CPU
	EndGlobalSection
	GlobalSection(ProjectConfigurationPlatforms) = postSolution
		{D4D1AEF2-DADE-4E1B-BB8A-98B0291A81E7}.Debug|Any CPU.ActiveCfg = Debug|Any CPU
		{D4D1AEF2-DADE-4E1B-BB8A-98B0291A81E7}.Debug|Any CPU.Build.0 = Debug|Any CPU
		{D4D1AEF2-DADE-4E1B-BB8A-98B0291A81E7}.Release|Any CPU.ActiveCfg = Release|Any CPU
		{D4D1AEF2-DADE-4E1B-BB8A-98B0291A81E7}.Release|Any CPU.Build.0 = Release|Any CPU
		{1FC4F3D6-B587-4D88-BD28-054AC42FAB96}.Debug|Any CPU.ActiveCfg = Debug|Any CPU
		{1FC4F3D6-B587-4D88-BD28-054AC42FAB96}.Debug|Any CPU.Build.0 = Debug|Any CPU
		{1FC4F3D6-B587-4D88-BD28-054AC42FAB96}.Release|Any CPU.ActiveCfg = Release|Any CPU
		{1FC4F3D6-B587-4D88-BD28-054AC42FAB96}.Release|Any CPU.Build.0 = Release|Any CPU
		{52A808AF-971A-4217-8693-F854BA228D05}.Debug|Any CPU.ActiveCfg = Debug|Any CPU
		{52A808AF-971A-4217-8693-F854BA228D05}.Debug|Any CPU.Build.0 = Debug|Any CPU
		{52A808AF-971A-4217-8693-F854BA228D05}.Release|Any CPU.ActiveCfg = Release|Any CPU
		{52A808AF-971A-4217-8693-F854BA228D05}.Release|Any CPU.Build.0 = Release|Any CPU
		{E0F97190-78A1-4686-8CBD-BD26937E502A}.Debug|Any CPU.ActiveCfg = Debug|Any CPU
		{E0F97190-78A1-4686-8CBD-BD26937E502A}.Debug|Any CPU.Build.0 = Debug|Any CPU
		{E0F97190-78A1-4686-8CBD-BD26937E502A}.Release|Any CPU.ActiveCfg = Release|Any CPU
		{E0F97190-78A1-4686-8CBD-BD26937E502A}.Release|Any CPU.Build.0 = Release|Any CPU
		{081F0163-755B-4E15-B94D-470AB3C298EA}.Debug|Any CPU.ActiveCfg = Debug|Any CPU
		{081F0163-755B-4E15-B94D-470AB3C298EA}.Debug|Any CPU.Build.0 = Debug|Any CPU
		{081F0163-755B-4E15-B94D-470AB3C298EA}.Release|Any CPU.ActiveCfg = Release|Any CPU
		{081F0163-755B-4E15-B94D-470AB3C298EA}.Release|Any CPU.Build.0 = Release|Any CPU
	EndGlobalSection
	GlobalSection(SolutionProperties) = preSolution
		HideSolutionNode = FALSE
	EndGlobalSection
	GlobalSection(NestedProjects) = preSolution
		{D4D1AEF2-DADE-4E1B-BB8A-98B0291A81E7} = {B0C8ED78-20D4-4D33-B77D-A5597FF913B2}
		{1FC4F3D6-B587-4D88-BD28-054AC42FAB96} = {E20ED8E0-6102-4DFC-A7B1-FF6D9662CDD0}
		{52A808AF-971A-4217-8693-F854BA228D05} = {0A0B887F-5420-44E8-8FB3-C7C8902A4329}
		{E0F97190-78A1-4686-8CBD-BD26937E502A} = {3B20D655-22C6-4534-8CFF-4250A6AC1032}
		{081F0163-755B-4E15-B94D-470AB3C298EA} = {BA4B7889-4E78-4156-9010-4F8C0608EA3A}
	EndGlobalSection
	GlobalSection(ExtensibilityGlobals) = postSolution
		SolutionGuid = {763E12DD-9226-4A53-B98A-3B57EFE3E32D}
	EndGlobalSection
EndGlobal
